
Microsoft Visual Studio Solution File, Format Version 12.00
# Visual Studio Version 17
VisualStudioVersion = 17.3.32901.215
MinimumVisualStudioVersion = 10.0.40219.1
Project("{FAE04EC0-301F-11D3-BF4B-00C04F79EFBC}") = "dikdortgen-alan-çevrehesaplama", "dikdortgen-alan-çevrehesaplama\dikdortgen-alan-çevrehesaplama.csproj", "{F17407C4-0291-41E0-B73E-E699287A1154}"
EndProject
Global
	GlobalSection(SolutionConfigurationPlatforms) = preSolution
		Debug|Any CPU = Debug|Any CPU
		Release|Any CPU = Release|Any CPU
	EndGlobalSection
	GlobalSection(ProjectConfigurationPlatforms) = postSolution
		{F17407C4-0291-41E0-B73E-E699287A1154}.Debug|Any CPU.ActiveCfg = Debug|Any CPU
		{F17407C4-0291-41E0-B73E-E699287A1154}.Debug|Any CPU.Build.0 = Debug|Any CPU
		{F17407C4-0291-41E0-B73E-E699287A1154}.Release|Any CPU.ActiveCfg = Release|Any CPU
		{F17407C4-0291-41E0-B73E-E699287A1154}.Release|Any CPU.Build.0 = Release|Any CPU
	EndGlobalSection
	GlobalSection(SolutionProperties) = preSolution
		HideSolutionNode = FALSE
	EndGlobalSection
	GlobalSection(ExtensibilityGlobals) = postSolution
		SolutionGuid = {032B64B8-62A1-4E5B-821E-4284B4AD1468}
	EndGlobalSection
EndGlobal
